https://fosspost.org/2016/07/30/create-linux-distribution-based-on-ubuntu/
http://www.linuxfromscratch.org/
https://askubuntu.com/questions/641737/how-to-make-your-own-linux-distro-based-on-ubuntu
https://www.ostechnix.com/pinguy-builder-build-custom-ubuntu-os/
https://www.google.com.eg/?gfe_rd=cr&ei=Jys-WbblBMGF8QfTzamQDA&gws_rd=ssl#q=how+to+build+a+custom+ubuntu+distro
https://www.youtube.com/watch?v=l2wZf45ZcAg
https://www.youtube.com/watch?v=1MWZRkSPIVM
